
Microsoft Visual Studio Solution File, Format Version 12.00
# Visual Studio Version 16
VisualStudioVersion = 16.0.30011.22
MinimumVisualStudioVersion = 10.0.40219.1
Project("{FAE04EC0-301F-11D3-BF4B-00C04F79EFBC}") = "eliff", "eliff.csproj", "{739BA7FE-0CD2-4411-A201-11D7FA2CDDBE}"
EndProject
Global
	GlobalSection(SolutionConfigurationPlatforms) = preSolution
		Debug|Any CPU = Debug|Any CPU
		Release|Any CPU = Release|Any CPU
	EndGlobalSection
	GlobalSection(ProjectConfigurationPlatforms) = postSolution
		{739BA7FE-0CD2-4411-A201-11D7FA2CDDBE}.Debug|Any CPU.ActiveCfg = Debug|Any CPU
		{739BA7FE-0CD2-4411-A201-11D7FA2CDDBE}.Debug|Any CPU.Build.0 = Debug|Any CPU
		{739BA7FE-0CD2-4411-A201-11D7FA2CDDBE}.Release|Any CPU.ActiveCfg = Release|Any CPU
		{739BA7FE-0CD2-4411-A201-11D7FA2CDDBE}.Release|Any CPU.Build.0 = Release|Any CPU
	EndGlobalSection
	GlobalSection(SolutionProperties) = preSolution
		HideSolutionNode = FALSE
	EndGlobalSection
	GlobalSection(ExtensibilityGlobals) = postSolution
		SolutionGuid = {3BE3B3CA-9AA2-48D7-9442-26ABB2836DD8}
	EndGlobalSection
EndGlobal
